// !$*UTF8*$!
{
	archiveVersion = 1;
	classes = {
	};
	objectVersion = 52;
	objects = {

/* Begin PBXBuildFile section */
		80A30BE0265C69A4009B1138 /* AppDelegate.swift in Sources */ = {isa = PBXBuildFile; fileRef = 80A30BDF265C69A4009B1138 /* AppDelegate.swift */; };
		80A30BE2265C69A4009B1138 /* SceneDelegate.swift in Sources */ = {isa = PBXBuildFile; fileRef = 80A30BE1265C69A4009B1138 /* SceneDelegate.swift */; };
		80A30BE4265C69A4009B1138 /* ViewController.swift in Sources */ = {isa = PBXBuildFile; fileRef = 80A30BE3265C69A4009B1138 /* ViewController.swift */; };
		80A30BE9265C69A6009B1138 /* Assets.xcassets in Resources */ = {isa = PBXBuildFile; fileRef = 80A30BE8265C69A6009B1138 /* Assets.xcassets */; };
		80A30BEC265C69A6009B1138 /* LaunchScreen.storyboard in Resources */ = {isa = PBXBuildFile; fileRef = 80A30BEA265C69A6009B1138 /* LaunchScreen.storyboard */; };
		80A30BF9265C6F25009B1138 /* ViewConfiguration.swift in Sources */ = {isa = PBXBuildFile; fileRef = 80A30BF8265C6F25009B1138 /* ViewConfiguration.swift */; };
		80A30C00265C6FCD009B1138 /* BaseViewController.swift in Sources */ = {isa = PBXBuildFile; fileRef = 80A30BFF265C6FCD009B1138 /* BaseViewController.swift */; };
		80A30C04265C76A9009B1138 /* Reachability in Frameworks */ = {isa = PBXBuildFile; productRef = 80A30C03265C76A9009B1138 /* Reachability */; };
/* End PBXBuildFile section */

/* Begin PBXFileReference section */
		80A30BDC265C69A4009B1138 /* got data yet.app */ = {isa = PBXFileReference; explicitFileType = wrapper.application; includeInIndex = 0; path = "got data yet.app"; sourceTree = BUILT_PRODUCTS_DIR; };
		80A30BDF265C69A4009B1138 /* AppDelegate.swift */ = {isa = PBXFileReference; lastKnownFileType = sourcecode.swift; path = AppDelegate.swift; sourceTree = "<group>"; };
		80A30BE1265C69A4009B1138 /* SceneDelegate.swift */ = {isa = PBXFileReference; lastKnownFileType = sourcecode.swift; path = SceneDelegate.swift; sourceTree = "<group>"; };
		80A30BE3265C69A4009B1138 /* ViewController.swift */ = {isa = PBXFileReference; lastKnownFileType = sourcecode.swift; path = ViewController.swift; sourceTree = "<group>"; };
		80A30BE8265C69A6009B1138 /* Assets.xcassets */ = {isa = PBXFileReference; lastKnownFileType = folder.assetcatalog; path = Assets.xcassets; sourceTree = "<group>"; };
		80A30BEB265C69A6009B1138 /* Base */ = {isa = PBXFileReference; lastKnownFileType = file.storyboard; name = Base; path = Base.lproj/LaunchScreen.storyboard; sourceTree = "<group>"; };
		80A30BED265C69A6009B1138 /* Info.plist */ = {isa = PBXFileReference; lastKnownFileType = text.plist.xml; path = Info.plist; sourceTree = "<group>"; };
		80A30BF8265C6F25009B1138 /* ViewConfiguration.swift */ = {isa = PBXFileReference; lastKnownFileType = sourcecode.swift; path = ViewConfiguration.swift; sourceTree = "<group>"; };
		80A30BFF265C6FCD009B1138 /* BaseViewController.swift */ = {isa = PBXFileReference; lastKnownFileType = sourcecode.swift; path = BaseViewController.swift; sourceTree = "<group>"; };
/* End PBXFileReference section */

/* Begin PBXFrameworksBuildPhase section */
		80A30BD9265C69A4009B1138 /* Frameworks */ = {
			isa = PBXFrameworksBuildPhase;
			buildActionMask = 2147483647;
			files = (
				80A30C04265C76A9009B1138 /* Reachability in Frameworks */,
			);
			runOnlyForDeploymentPostprocessing = 0;
		};
/* End PBXFrameworksBuildPhase section */

/* Begin PBXGroup section */
		80A30BD3265C69A4009B1138 = {
			isa = PBXGroup;
			children = (
				80A30BDE265C69A4009B1138 /* got data yet */,
				80A30BDD265C69A4009B1138 /* Products */,
			);
			sourceTree = "<group>";
		};
		80A30BDD265C69A4009B1138 /* Products */ = {
			isa = PBXGroup;
			children = (
				80A30BDC265C69A4009B1138 /* got data yet.app */,
			);
			name = Products;
			sourceTree = "<group>";
		};
		80A30BDE265C69A4009B1138 /* got data yet */ = {
			isa = PBXGroup;
			children = (
				80A30BDF265C69A4009B1138 /* AppDelegate.swift */,
				80A30BE1265C69A4009B1138 /* SceneDelegate.swift */,
				80A30BE3265C69A4009B1138 /* ViewController.swift */,
				80A30BFF265C6FCD009B1138 /* BaseViewController.swift */,
				80A30BF8265C6F25009B1138 /* ViewConfiguration.swift */,
				80A30BE8265C69A6009B1138 /* Assets.xcassets */,
				80A30BEA265C69A6009B1138 /* LaunchScreen.storyboard */,
				80A30BED265C69A6009B1138 /* Info.plist */,
			);
			path = "got data yet";
			sourceTree = "<group>";
		};
/* End PBXGroup section */

/* Begin PBXNativeTarget section */
		80A30BDB265C69A4009B1138 /* got data yet */ = {
			isa = PBXNativeTarget;
			buildConfigurationList = 80A30BF0265C69A6009B1138 /* Build configuration list for PBXNativeTarget "got data yet" */;
			buildPhases = (
				80A30BD8265C69A4009B1138 /* Sources */,
				80A30BD9265C69A4009B1138 /* Frameworks */,
				80A30BDA265C69A4009B1138 /* Resources */,
			);
			buildRules = (
			);
			dependencies = (
			);
			name = "got data yet";
			packageProductDependencies = (
				80A30C03265C76A9009B1138 /* Reachability */,
			);
			productName = "got data yet";
			productReference = 80A30BDC265C69A4009B1138 /* got data yet.app */;
			productType = "com.apple.product-type.application";
		};
/* End PBXNativeTarget section */

/* Begin PBXProject section */
		80A30BD4265C69A4009B1138 /* Project object */ = {
			isa = PBXProject;
			attributes = {
				LastSwiftUpdateCheck = 1230;
				LastUpgradeCheck = 1230;
				TargetAttributes = {
					80A30BDB265C69A4009B1138 = {
						CreatedOnToolsVersion = 12.3;
					};
				};
			};
			buildConfigurationList = 80A30BD7265C69A4009B1138 /* Build configuration list for PBXProject "got data yet" */;
			compatibilityVersion = "Xcode 9.3";
			developmentRegion = en;
			hasScannedForEncodings = 0;
			knownRegions = (
				en,
				Base,
			);
			mainGroup = 80A30BD3265C69A4009B1138;
			packageReferences = (
				80A30C02265C76A9009B1138 /* XCRemoteSwiftPackageReference "Reachability" */,
			);
			productRefGroup = 80A30BDD265C69A4009B1138 /* Products */;
			projectDirPath = "";
			projectRoot = "";
			targets = (
				80A30BDB265C69A4009B1138 /* got data yet */,
			);
		};
/* End PBXProject section */

/* Begin PBXResourcesBuildPhase section */
		80A30BDA265C69A4009B1138 /* Resources */ = {
			isa = PBXResourcesBuildPhase;
			buildActionMask = 2147483647;
			files = (
				80A30BEC265C69A6009B1138 /* LaunchScreen.storyboard in Resources */,
				80A30BE9265C69A6009B1138 /* Assets.xcassets in Resources */,
			);
			runOnlyForDeploymentPostprocessing = 0;
		};
/* End PBXResourcesBuildPhase section */

/* Begin PBXSourcesBuildPhase section */
		80A30BD8265C69A4009B1138 /* Sources */ = {
			isa = PBXSourcesBuildPhase;
			buildActionMask = 2147483647;
			files = (
				80A30C00265C6FCD009B1138 /* BaseViewController.swift in Sources */,
				80A30BE4265C69A4009B1138 /* ViewController.swift in Sources */,
				80A30BF9265C6F25009B1138 /* ViewConfiguration.swift in Sources */,
				80A30BE0265C69A4009B1138 /* AppDelegate.swift in Sources */,
				80A30BE2265C69A4009B1138 /* SceneDelegate.swift in Sources */,
			);
			runOnlyForDeploymentPostprocessing = 0;
		};
/* End PBXSourcesBuildPhase section */

/* Begin PBXVariantGroup section */
		80A30BEA265C69A6009B1138 /* LaunchScreen.storyboard */ = {
			isa = PBXVariantGroup;
			children = (
				80A30BEB265C69A6009B1138 /* Base */,
			);
			name = LaunchScreen.storyboard;
			sourceTree = "<group>";
		};
/* End PBXVariantGroup section */

/* Begin XCBuildConfiguration section */
		80A30BEE265C69A6009B1138 /* Debug */ = {
			isa = XCBuildConfiguration;
			buildSettings = {
				ALWAYS_SEARCH_USER_PATHS = NO;
				CLANG_ANALYZER_NONNULL = YES;
				CLANG_ANALYZER_NUMBER_OBJECT_CONVERSION = YES_AGGRESSIVE;
				CLANG_CXX_LANGUAGE_STANDARD = "gnu++14";
				CLANG_CXX_LIBRARY = "libc++";
				CLANG_ENABLE_MODULES = YES;
				CLANG_ENABLE_OBJC_ARC = YES;
				CLANG_ENABLE_OBJC_WEAK = YES;
				CLANG_WARN_BLOCK_CAPTURE_AUTORELEASING = YES;
				CLANG_WARN_BOOL_CONVERSION = YES;
				CLANG_WARN_COMMA = YES;
				CLANG_WARN_CONSTANT_CONVERSION = YES;
				CLANG_WARN_DEPRECATED_OBJC_IMPLEMENTATIONS = YES;
				CLANG_WARN_DIRECT_OBJC_ISA_USAGE = YES_ERROR;
				CLANG_WARN_DOCUMENTATION_COMMENTS = YES;
				CLANG_WARN_EMPTY_BODY = YES;
				CLANG_WARN_ENUM_CONVERSION = YES;
				CLANG_WARN_INFINITE_RECURSION = YES;
				CLANG_WARN_INT_CONVERSION = YES;
				CLANG_WARN_NON_LITERAL_NULL_CONVERSION = YES;
				CLANG_WARN_OBJC_IMPLICIT_RETAIN_SELF = YES;
				CLANG_WARN_OBJC_LITERAL_CONVERSION = YES;
				CLANG_WARN_OBJC_ROOT_CLASS = YES_ERROR;
				CLANG_WARN_QUOTED_INCLUDE_IN_FRAMEWORK_HEADER = YES;
				CLANG_WARN_RANGE_LOOP_ANALYSIS = YES;
				CLANG_WARN_STRICT_PROTOTYPES = YES;
				CLANG_WARN_SUSPICIOUS_MOVE = YES;
				CLANG_WARN_UNGUARDED_AVAILABILITY = YES_AGGRESSIVE;
				CLANG_WARN_UNREACHABLE_CODE = YES;
				CLANG_WARN__DUPLICATE_METHOD_MATCH = YES;
				COPY_PHASE_STRIP = NO;
				DEBUG_INFORMATION_FORMAT = dwarf;
				ENABLE_STRICT_OBJC_MSGSEND = YES;
				ENABLE_TESTABILITY = YES;
				GCC_C_LANGUAGE_STANDARD = gnu11;
				GCC_DYNAMIC_NO_PIC = NO;
				GCC_NO_COMMON_BLOCKS = YES;
				GCC_OPTIMIZATION_LEVEL = 0;
				GCC_PREPROCESSOR_DEFINITIONS = (
					"DEBUG=1",
					"$(inherited)",
				);
				GCC_WARN_64_TO_32_BIT_CONVERSION = YES;
				GCC_WARN_ABOUT_RETURN_TYPE = YES_ERROR;
				GCC_WARN_UNDECLARED_SELECTOR = YES;
				GCC_WARN_UNINITIALIZED_AUTOS = YES_AGGRESSIVE;
				GCC_WARN_UNUSED_FUNCTION = YES;
				GCC_WARN_UNUSED_VARIABLE = YES;
				IPHONEOS_DEPLOYMENT_TARGET = 14.3;
				MTL_ENABLE_DEBUG_INFO = INCLUDE_SOURCE;
				MTL_FAST_MATH = YES;
				ONLY_ACTIVE_ARCH = YES;
				SDKROOT = iphoneos;
				SWIFT_ACTIVE_COMPILATION_CONDITIONS = DEBUG;
				SWIFT_OPTIMIZATION_LEVEL = "-Onone";
			};
			name = Debug;
		};
		80A30BEF265C69A6009B1138 /* Release */ = {
			isa = XCBuildConfiguration;
			buildSettings = {
				ALWAYS_SEARCH_USER_PATHS = NO;
				CLANG_ANALYZER_NONNULL = YES;
				CLANG_ANALYZER_NUMBER_OBJECT_CONVERSION = YES_AGGRESSIVE;
				CLANG_CXX_LANGUAGE_STANDARD = "gnu++14";
				CLANG_CXX_LIBRARY = "libc++";
				CLANG_ENABLE_MODULES = YES;
				CLANG_ENABLE_OBJC_ARC = YES;
				CLANG_ENABLE_OBJC_WEAK = YES;
				CLANG_WARN_BLOCK_CAPTURE_AUTORELEASING = YES;
				CLANG_WARN_BOOL_CONVERSION = YES;
				CLANG_WARN_COMMA = YES;
				CLANG_WARN_CONSTANT_CONVERSION = YES;
				CLANG_WARN_DEPRECATED_OBJC_IMPLEMENTATIONS = YES;
				CLANG_WARN_DIRECT_OBJC_ISA_USAGE = YES_ERROR;
				CLANG_WARN_DOCUMENTATION_COMMENTS = YES;
				CLANG_WARN_EMPTY_BODY = YES;
				CLANG_WARN_ENUM_CONVERSION = YES;
				CLANG_WARN_INFINITE_RECURSION = YES;
				CLANG_WARN_INT_CONVERSION = YES;
				CLANG_WARN_NON_LITERAL_NULL_CONVERSION = YES;
				CLANG_WARN_OBJC_IMPLICIT_RETAIN_SELF = YES;
				CLANG_WARN_OBJC_LITERAL_CONVERSION = YES;
				CLANG_WARN_OBJC_ROOT_CLASS = YES_ERROR;
				CLANG_WARN_QUOTED_INCLUDE_IN_FRAMEWORK_HEADER = YES;
				CLANG_WARN_RANGE_LOOP_ANALYSIS = YES;
				CLANG_WARN_STRICT_PROTOTYPES = YES;
				CLANG_WARN_SUSPICIOUS_MOVE = YES;
				CLANG_WARN_UNGUARDED_AVAILABILITY = YES_AGGRESSIVE;
				CLANG_WARN_UNREACHABLE_CODE = YES;
				CLANG_WARN__DUPLICATE_METHOD_MATCH = YES;
				COPY_PHASE_STRIP = NO;
				DEBUG_INFORMATION_FORMAT = "dwarf-with-dsym";
				ENABLE_NS_ASSERTIONS = NO;
				ENABLE_STRICT_OBJC_MSGSEND = YES;
				GCC_C_LANGUAGE_STANDARD = gnu11;
				GCC_NO_COMMON_BLOCKS = YES;
				GCC_WARN_64_TO_32_BIT_CONVERSION = YES;
				GCC_WARN_ABOUT_RETURN_TYPE = YES_ERROR;
				GCC_WARN_UNDECLARED_SELECTOR = YES;
				GCC_WARN_UNINITIALIZED_AUTOS = YES_AGGRESSIVE;
				GCC_WARN_UNUSED_FUNCTION = YES;
				GCC_WARN_UNUSED_VARIABLE = YES;
				IPHONEOS_DEPLOYMENT_TARGET = 14.3;
				MTL_ENABLE_DEBUG_INFO = NO;
				MTL_FAST_MATH = YES;
				SDKROOT = iphoneos;
				SWIFT_COMPILATION_MODE = wholemodule;
				SWIFT_OPTIMIZATION_LEVEL = "-O";
				VALIDATE_PRODUCT = YES;
			};
			name = Release;
		};
		80A30BF1265C69A6009B1138 /* Debug */ = {
			isa = XCBuildConfiguration;
			buildSettings = {
				ASSETCATALOG_COMPILER_APPICON_NAME = AppIcon;
				ASSETCATALOG_COMPILER_GLOBAL_ACCENT_COLOR_NAME = AccentColor;
				CODE_SIGN_STYLE = Automatic;
				DEVELOPMENT_TEAM = R95CT9ATA8;
				INFOPLIST_FILE = "got data yet/Info.plist";
				LD_RUNPATH_SEARCH_PATHS = (
					"$(inherited)",
					"@executable_path/Frameworks",
				);
				PRODUCT_BUNDLE_IDENTIFIER = "nabis.got-data-yet";
				PRODUCT_NAME = "$(TARGET_NAME)";
				SWIFT_VERSION = 5.0;
				TARGETED_DEVICE_FAMILY = "1,2";
			};
			name = Debug;
		};
		80A30BF2265C69A6009B1138 /* Release */ = {
			isa = XCBuildConfiguration;
			buildSettings = {
				ASSETCATALOG_COMPILER_APPICON_NAME = AppIcon;
				ASSETCATALOG_COMPILER_GLOBAL_ACCENT_COLOR_NAME = AccentColor;
				CODE_SIGN_STYLE = Automatic;
				DEVELOPMENT_TEAM = R95CT9ATA8;
				INFOPLIST_FILE = "got data yet/Info.plist";
				LD_RUNPATH_SEARCH_PATHS = (
					"$(inherited)",
					"@executable_path/Frameworks",
				);
				PRODUCT_BUNDLE_IDENTIFIER = "nabis.got-data-yet";
				PRODUCT_NAME = "$(TARGET_NAME)";
				SWIFT_VERSION = 5.0;
				TARGETED_DEVICE_FAMILY = "1,2";
			};
			name = Release;
		};
/* End XCBuildConfiguration section */

/* Begin XCConfigurationList section */
		80A30BD7265C69A4009B1138 /* Build configuration list for PBXProject "got data yet" */ = {
			isa = XCConfigurationList;
			buildConfigurations = (
				80A30BEE265C69A6009B1138 /* Debug */,
				80A30BEF265C69A6009B1138 /* Release */,
			);
			defaultConfigurationIsVisible = 0;
			defaultConfigurationName = Release;
		};
		80A30BF0265C69A6009B1138 /* Build configuration list for PBXNativeTarget "got data yet" */ = {
			isa = XCConfigurationList;
			buildConfigurations = (
				80A30BF1265C69A6009B1138 /* Debug */,
				80A30BF2265C69A6009B1138 /* Release */,
			);
			defaultConfigurationIsVisible = 0;
			defaultConfigurationName = Release;
		};
/* End XCConfigurationList section */

/* Begin XCRemoteSwiftPackageReference section */
		80A30C02265C76A9009B1138 /* XCRemoteSwiftPackageReference "Reachability" */ = {
			isa = XCRemoteSwiftPackageReference;
			repositoryURL = "https://github.com/ashleymills/Reachability.swift";
			requirement = {
				kind = upToNextMajorVersion;
				minimumVersion = 5.1.0;
			};
		};
/* End XCRemoteSwiftPackageReference section */

/* Begin XCSwiftPackageProductDependency section */
		80A30C03265C76A9009B1138 /* Reachability */ = {
			isa = XCSwiftPackageProductDependency;
			package = 80A30C02265C76A9009B1138 /* XCRemoteSwiftPackageReference "Reachability" */;
			productName = Reachability;
		};
/* End XCSwiftPackageProductDependency section */
	};
	rootObject = 80A30BD4265C69A4009B1138 /* Project object */;
}
